
Microsoft Visual Studio Solution File, Format Version 12.00
# Visual Studio Version 16
VisualStudioVersion = 16.0.30804.86
MinimumVisualStudioVersion = 10.0.40219.1
Project("{FAE04EC0-301F-11D3-BF4B-00C04F79EFBC}") = "Poker Online", "Poker Online\Poker Online.csproj", "{F12FC0E4-F25D-416D-84CD-AD055D102F03}"
EndProject
Global
	GlobalSection(SolutionConfigurationPlatforms) = preSolution
		Debug|Any CPU = Debug|Any CPU
		Release|Any CPU = Release|Any CPU
	EndGlobalSection
	GlobalSection(ProjectConfigurationPlatforms) = postSolution
		{F12FC0E4-F25D-416D-84CD-AD055D102F03}.Debug|Any CPU.ActiveCfg = Debug|Any CPU
		{F12FC0E4-F25D-416D-84CD-AD055D102F03}.Debug|Any CPU.Build.0 = Debug|Any CPU
		{F12FC0E4-F25D-416D-84CD-AD055D102F03}.Release|Any CPU.ActiveCfg = Release|Any CPU
		{F12FC0E4-F25D-416D-84CD-AD055D102F03}.Release|Any CPU.Build.0 = Release|Any CPU
	EndGlobalSection
	GlobalSection(SolutionProperties) = preSolution
		HideSolutionNode = FALSE
	EndGlobalSection
	GlobalSection(ExtensibilityGlobals) = postSolution
		SolutionGuid = {ABEA49EF-A74A-40BA-A86E-53B0FE7228C3}
	EndGlobalSection
EndGlobal
